{
  "version": 4,
  "terraform_version": "1.12.0",
  "serial": 3,
  "lineage": "31d8efcc-5404-b78a-645b-f844166dc733",
  "outputs": {},
  "resources": [
    {
      "mode": "managed",
      "type": "local_file",
      "name": "network_state",
      "provider": "provider[\"registry.terraform.io/hashicorp/local\"]",
      "instances": [
        {
          "schema_version": 0,
          "attributes": {
            "content": "{\"outputs\":{\"cidr\":{\"type\":\"string\",\"value\":\"10.0.0.0/16\"},\"name\":{\"type\":\"string\",\"value\":\"hello-world-subnet\"}}}",
            "content_base64": null,
            "content_base64sha256": "g0B8fQnXqcdRyuy+NIcPQmEOomlO4TN2Ny1XRmN3SvE=",
            "content_base64sha512": "mk4S9bQabXYE8hW2imePpa0xr9xOMEsuylNgeP/+DXERVfAxaq8NWJsaJyJCMeO8oChW6Vx8zD5wjr1Rew5P9g==",
            "content_md5": "7c1f84ccd7fbb133403a1a26cfb5ca72",
            "content_sha1": "d9e6632b7b6fe51a56c55fab21bc32b9df7fc2c0",
            "content_sha256": "83407c7d09d7a9c751caecbe34870f42610ea2694ee13376372d574663774af1",
            "content_sha512": "9a4e12f5b41a6d7604f215b68a678fa5ad31afdc4e304b2eca536078fffe0d711155f0316aaf0d589b1a27224231e3bca02856e95c7ccc3e708ebd517b0e4ff6",
            "directory_permission": "0777",
            "file_permission": "0777",
            "filename": "network_outputs.json",
            "id": "d9e6632b7b6fe51a56c55fab21bc32b9df7fc2c0",
            "sensitive_content": null,
            "source": null
          },
          "sensitive_attributes": [
            [
              {
                "type": "get_attr",
                "value": "sensitive_content"
              }
            ]
          ],
          "identity_schema_version": 0,
          "dependencies": [
            "null_resource.network"
          ]
        }
      ]
    },
    {
      "mode": "managed",
      "type": "null_resource",
      "name": "network",
      "provider": "provider[\"registry.terraform.io/hashicorp/null\"]",
      "instances": [
        {
          "schema_version": 0,
          "attributes": {
            "id": "4898603638128503200",
            "triggers": {
              "render_time": "2025-06-09T20:25:17Z"
            }
          },
          "sensitive_attributes": [],
          "identity_schema_version": 0
        }
      ]
    }
  ],
  "check_results": null
}
